// !$*UTF8*$!
{
	archiveVersion = 1;
	classes = {
	};
	objectVersion = 55;
	objects = {

/* Begin PBXBuildFile section */
		2CDBC15C27ADC41100EE1578 /* BakuSlideShowApp.swift in Sources */ = {isa = PBXBuildFile; fileRef = 2CDBC15B27ADC41100EE1578 /* BakuSlideShowApp.swift */; };
		2CDBC15E27ADC41100EE1578 /* ContentView.swift in Sources */ = {isa = PBXBuildFile; fileRef = 2CDBC15D27ADC41100EE1578 /* ContentView.swift */; };
		2CDBC16027ADC41200EE1578 /* Assets.xcassets in Resources */ = {isa = PBXBuildFile; fileRef = 2CDBC15F27ADC41200EE1578 /* Assets.xcassets */; };
		2CDBC16327ADC41200EE1578 /* Preview Assets.xcassets in Resources */ = {isa = PBXBuildFile; fileRef = 2CDBC16227ADC41200EE1578 /* Preview Assets.xcassets */; };
		2CDBC16B27ADC44300EE1578 /* Homepage.swift in Sources */ = {isa = PBXBuildFile; fileRef = 2CDBC16A27ADC44300EE1578 /* Homepage.swift */; };
		2CDBC16D27ADC69000EE1578 /* SlideMain.swift in Sources */ = {isa = PBXBuildFile; fileRef = 2CDBC16C27ADC69000EE1578 /* SlideMain.swift */; };
		2CDBC17227ADCB0000EE1578 /* ThreeDRotate.swift in Sources */ = {isa = PBXBuildFile; fileRef = 2CDBC17127ADCB0000EE1578 /* ThreeDRotate.swift */; };
/* End PBXBuildFile section */

/* Begin PBXFileReference section */
		2CDBC15827ADC41100EE1578 /* BakuSlideShow.app */ = {isa = PBXFileReference; explicitFileType = wrapper.application; includeInIndex = 0; path = BakuSlideShow.app; sourceTree = BUILT_PRODUCTS_DIR; };
		2CDBC15B27ADC41100EE1578 /* BakuSlideShowApp.swift */ = {isa = PBXFileReference; lastKnownFileType = sourcecode.swift; path = BakuSlideShowApp.swift; sourceTree = "<group>"; };
		2CDBC15D27ADC41100EE1578 /* ContentView.swift */ = {isa = PBXFileReference; lastKnownFileType = sourcecode.swift; path = ContentView.swift; sourceTree = "<group>"; };
		2CDBC15F27ADC41200EE1578 /* Assets.xcassets */ = {isa = PBXFileReference; lastKnownFileType = folder.assetcatalog; path = Assets.xcassets; sourceTree = "<group>"; };
		2CDBC16227ADC41200EE1578 /* Preview Assets.xcassets */ = {isa = PBXFileReference; lastKnownFileType = folder.assetcatalog; path = "Preview Assets.xcassets"; sourceTree = "<group>"; };
		2CDBC16A27ADC44300EE1578 /* Homepage.swift */ = {isa = PBXFileReference; lastKnownFileType = sourcecode.swift; path = Homepage.swift; sourceTree = "<group>"; };
		2CDBC16C27ADC69000EE1578 /* SlideMain.swift */ = {isa = PBXFileReference; lastKnownFileType = sourcecode.swift; path = SlideMain.swift; sourceTree = "<group>"; };
		2CDBC17127ADCB0000EE1578 /* ThreeDRotate.swift */ = {isa = PBXFileReference; lastKnownFileType = sourcecode.swift; path = ThreeDRotate.swift; sourceTree = "<group>"; };
/* End PBXFileReference section */

/* Begin PBXFrameworksBuildPhase section */
		2CDBC15527ADC41100EE1578 /* Frameworks */ = {
			isa = PBXFrameworksBuildPhase;
			buildActionMask = 2147483647;
			files = (
			);
			runOnlyForDeploymentPostprocessing = 0;
		};
/* End PBXFrameworksBuildPhase section */

/* Begin PBXGroup section */
		2CDBC14F27ADC41100EE1578 = {
			isa = PBXGroup;
			children = (
				2CDBC15A27ADC41100EE1578 /* BakuSlideShow */,
				2CDBC15927ADC41100EE1578 /* Products */,
			);
			sourceTree = "<group>";
		};
		2CDBC15927ADC41100EE1578 /* Products */ = {
			isa = PBXGroup;
			children = (
				2CDBC15827ADC41100EE1578 /* BakuSlideShow.app */,
			);
			name = Products;
			sourceTree = "<group>";
		};
		2CDBC15A27ADC41100EE1578 /* BakuSlideShow */ = {
			isa = PBXGroup;
			children = (
				2CDBC16927ADC43A00EE1578 /* View */,
				2CDBC15B27ADC41100EE1578 /* BakuSlideShowApp.swift */,
				2CDBC15D27ADC41100EE1578 /* ContentView.swift */,
				2CDBC15F27ADC41200EE1578 /* Assets.xcassets */,
				2CDBC16127ADC41200EE1578 /* Preview Content */,
			);
			path = BakuSlideShow;
			sourceTree = "<group>";
		};
		2CDBC16127ADC41200EE1578 /* Preview Content */ = {
			isa = PBXGroup;
			children = (
				2CDBC16227ADC41200EE1578 /* Preview Assets.xcassets */,
			);
			path = "Preview Content";
			sourceTree = "<group>";
		};
		2CDBC16927ADC43A00EE1578 /* View */ = {
			isa = PBXGroup;
			children = (
				2CDBC16A27ADC44300EE1578 /* Homepage.swift */,
				2CDBC16C27ADC69000EE1578 /* SlideMain.swift */,
				2CDBC17127ADCB0000EE1578 /* ThreeDRotate.swift */,
			);
			path = View;
			sourceTree = "<group>";
		};
/* End PBXGroup section */

/* Begin PBXNativeTarget section */
		2CDBC15727ADC41100EE1578 /* BakuSlideShow */ = {
			isa = PBXNativeTarget;
			buildConfigurationList = 2CDBC16627ADC41200EE1578 /* Build configuration list for PBXNativeTarget "BakuSlideShow" */;
			buildPhases = (
				2CDBC15427ADC41100EE1578 /* Sources */,
				2CDBC15527ADC41100EE1578 /* Frameworks */,
				2CDBC15627ADC41100EE1578 /* Resources */,
			);
			buildRules = (
			);
			dependencies = (
			);
			name = BakuSlideShow;
			productName = BakuSlideShow;
			productReference = 2CDBC15827ADC41100EE1578 /* BakuSlideShow.app */;
			productType = "com.apple.product-type.application";
		};
/* End PBXNativeTarget section */

/* Begin PBXProject section */
		2CDBC15027ADC41100EE1578 /* Project object */ = {
			isa = PBXProject;
			attributes = {
				BuildIndependentTargetsInParallel = 1;
				LastSwiftUpdateCheck = 1320;
				LastUpgradeCheck = 1320;
				TargetAttributes = {
					2CDBC15727ADC41100EE1578 = {
						CreatedOnToolsVersion = 13.2.1;
					};
				};
			};
			buildConfigurationList = 2CDBC15327ADC41100EE1578 /* Build configuration list for PBXProject "BakuSlideShow" */;
			compatibilityVersion = "Xcode 13.0";
			developmentRegion = en;
			hasScannedForEncodings = 0;
			knownRegions = (
				en,
				Base,
			);
			mainGroup = 2CDBC14F27ADC41100EE1578;
			productRefGroup = 2CDBC15927ADC41100EE1578 /* Products */;
			projectDirPath = "";
			projectRoot = "";
			targets = (
				2CDBC15727ADC41100EE1578 /* BakuSlideShow */,
			);
		};
/* End PBXProject section */

/* Begin PBXResourcesBuildPhase section */
		2CDBC15627ADC41100EE1578 /* Resources */ = {
			isa = PBXResourcesBuildPhase;
			buildActionMask = 2147483647;
			files = (
				2CDBC16327ADC41200EE1578 /* Preview Assets.xcassets in Resources */,
				2CDBC16027ADC41200EE1578 /* Assets.xcassets in Resources */,
			);
			runOnlyForDeploymentPostprocessing = 0;
		};
/* End PBXResourcesBuildPhase section */

/* Begin PBXSourcesBuildPhase section */
		2CDBC15427ADC41100EE1578 /* Sources */ = {
			isa = PBXSourcesBuildPhase;
			buildActionMask = 2147483647;
			files = (
				2CDBC16D27ADC69000EE1578 /* SlideMain.swift in Sources */,
				2CDBC16B27ADC44300EE1578 /* Homepage.swift in Sources */,
				2CDBC15E27ADC41100EE1578 /* ContentView.swift in Sources */,
				2CDBC15C27ADC41100EE1578 /* BakuSlideShowApp.swift in Sources */,
				2CDBC17227ADCB0000EE1578 /* ThreeDRotate.swift in Sources */,
			);
			runOnlyForDeploymentPostprocessing = 0;
		};
/* End PBXSourcesBuildPhase section */

/* Begin XCBuildConfiguration section */
		2CDBC16427ADC41200EE1578 /* Debug */ = {
			isa = XCBuildConfiguration;
			buildSettings = {
				ALWAYS_SEARCH_USER_PATHS = NO;
				CLANG_ANALYZER_NONNULL = YES;
				CLANG_ANALYZER_NUMBER_OBJECT_CONVERSION = YES_AGGRESSIVE;
				CLANG_CXX_LANGUAGE_STANDARD = "gnu++17";
				CLANG_CXX_LIBRARY = "libc++";
				CLANG_ENABLE_MODULES = YES;
				CLANG_ENABLE_OBJC_ARC = YES;
				CLANG_ENABLE_OBJC_WEAK = YES;
				CLANG_WARN_BLOCK_CAPTURE_AUTORELEASING = YES;
				CLANG_WARN_BOOL_CONVERSION = YES;
				CLANG_WARN_COMMA = YES;
				CLANG_WARN_CONSTANT_CONVERSION = YES;
				CLANG_WARN_DEPRECATED_OBJC_IMPLEMENTATIONS = YES;
				CLANG_WARN_DIRECT_OBJC_ISA_USAGE = YES_ERROR;
				CLANG_WARN_DOCUMENTATION_COMMENTS = YES;
				CLANG_WARN_EMPTY_BODY = YES;
				CLANG_WARN_ENUM_CONVERSION = YES;
				CLANG_WARN_INFINITE_RECURSION = YES;
				CLANG_WARN_INT_CONVERSION = YES;
				CLANG_WARN_NON_LITERAL_NULL_CONVERSION = YES;
				CLANG_WARN_OBJC_IMPLICIT_RETAIN_SELF = YES;
				CLANG_WARN_OBJC_LITERAL_CONVERSION = YES;
				CLANG_WARN_OBJC_ROOT_CLASS = YES_ERROR;
				CLANG_WARN_QUOTED_INCLUDE_IN_FRAMEWORK_HEADER = YES;
				CLANG_WARN_RANGE_LOOP_ANALYSIS = YES;
				CLANG_WARN_STRICT_PROTOTYPES = YES;
				CLANG_WARN_SUSPICIOUS_MOVE = YES;
				CLANG_WARN_UNGUARDED_AVAILABILITY = YES_AGGRESSIVE;
				CLANG_WARN_UNREACHABLE_CODE = YES;
				CLANG_WARN__DUPLICATE_METHOD_MATCH = YES;
				COPY_PHASE_STRIP = NO;
				DEBUG_INFORMATION_FORMAT = dwarf;
				ENABLE_STRICT_OBJC_MSGSEND = YES;
				ENABLE_TESTABILITY = YES;
				GCC_C_LANGUAGE_STANDARD = gnu11;
				GCC_DYNAMIC_NO_PIC = NO;
				GCC_NO_COMMON_BLOCKS = YES;
				GCC_OPTIMIZATION_LEVEL = 0;
				GCC_PREPROCESSOR_DEFINITIONS = (
					"DEBUG=1",
					"$(inherited)",
				);
				GCC_WARN_64_TO_32_BIT_CONVERSION = YES;
				GCC_WARN_ABOUT_RETURN_TYPE = YES_ERROR;
				GCC_WARN_UNDECLARED_SELECTOR = YES;
				GCC_WARN_UNINITIALIZED_AUTOS = YES_AGGRESSIVE;
				GCC_WARN_UNUSED_FUNCTION = YES;
				GCC_WARN_UNUSED_VARIABLE = YES;
				IPHONEOS_DEPLOYMENT_TARGET = 15.2;
				MTL_ENABLE_DEBUG_INFO = INCLUDE_SOURCE;
				MTL_FAST_MATH = YES;
				ONLY_ACTIVE_ARCH = YES;
				SDKROOT = iphoneos;
				SWIFT_ACTIVE_COMPILATION_CONDITIONS = DEBUG;
				SWIFT_OPTIMIZATION_LEVEL = "-Onone";
			};
			name = Debug;
		};
		2CDBC16527ADC41200EE1578 /* Release */ = {
			isa = XCBuildConfiguration;
			buildSettings = {
				ALWAYS_SEARCH_USER_PATHS = NO;
				CLANG_ANALYZER_NONNULL = YES;
				CLANG_ANALYZER_NUMBER_OBJECT_CONVERSION = YES_AGGRESSIVE;
				CLANG_CXX_LANGUAGE_STANDARD = "gnu++17";
				CLANG_CXX_LIBRARY = "libc++";
				CLANG_ENABLE_MODULES = YES;
				CLANG_ENABLE_OBJC_ARC = YES;
				CLANG_ENABLE_OBJC_WEAK = YES;
				CLANG_WARN_BLOCK_CAPTURE_AUTORELEASING = YES;
				CLANG_WARN_BOOL_CONVERSION = YES;
				CLANG_WARN_COMMA = YES;
				CLANG_WARN_CONSTANT_CONVERSION = YES;
				CLANG_WARN_DEPRECATED_OBJC_IMPLEMENTATIONS = YES;
				CLANG_WARN_DIRECT_OBJC_ISA_USAGE = YES_ERROR;
				CLANG_WARN_DOCUMENTATION_COMMENTS = YES;
				CLANG_WARN_EMPTY_BODY = YES;
				CLANG_WARN_ENUM_CONVERSION = YES;
				CLANG_WARN_INFINITE_RECURSION = YES;
				CLANG_WARN_INT_CONVERSION = YES;
				CLANG_WARN_NON_LITERAL_NULL_CONVERSION = YES;
				CLANG_WARN_OBJC_IMPLICIT_RETAIN_SELF = YES;
				CLANG_WARN_OBJC_LITERAL_CONVERSION = YES;
				CLANG_WARN_OBJC_ROOT_CLASS = YES_ERROR;
				CLANG_WARN_QUOTED_INCLUDE_IN_FRAMEWORK_HEADER = YES;
				CLANG_WARN_RANGE_LOOP_ANALYSIS = YES;
				CLANG_WARN_STRICT_PROTOTYPES = YES;
				CLANG_WARN_SUSPICIOUS_MOVE = YES;
				CLANG_WARN_UNGUARDED_AVAILABILITY = YES_AGGRESSIVE;
				CLANG_WARN_UNREACHABLE_CODE = YES;
				CLANG_WARN__DUPLICATE_METHOD_MATCH = YES;
				COPY_PHASE_STRIP = NO;
				DEBUG_INFORMATION_FORMAT = "dwarf-with-dsym";
				ENABLE_NS_ASSERTIONS = NO;
				ENABLE_STRICT_OBJC_MSGSEND = YES;
				GCC_C_LANGUAGE_STANDARD = gnu11;
				GCC_NO_COMMON_BLOCKS = YES;
				GCC_WARN_64_TO_32_BIT_CONVERSION = YES;
				GCC_WARN_ABOUT_RETURN_TYPE = YES_ERROR;
				GCC_WARN_UNDECLARED_SELECTOR = YES;
				GCC_WARN_UNINITIALIZED_AUTOS = YES_AGGRESSIVE;
				GCC_WARN_UNUSED_FUNCTION = YES;
				GCC_WARN_UNUSED_VARIABLE = YES;
				IPHONEOS_DEPLOYMENT_TARGET = 15.2;
				MTL_ENABLE_DEBUG_INFO = NO;
				MTL_FAST_MATH = YES;
				SDKROOT = iphoneos;
				SWIFT_COMPILATION_MODE = wholemodule;
				SWIFT_OPTIMIZATION_LEVEL = "-O";
				VALIDATE_PRODUCT = YES;
			};
			name = Release;
		};
		2CDBC16727ADC41200EE1578 /* Debug */ = {
			isa = XCBuildConfiguration;
			buildSettings = {
				ASSETCATALOG_COMPILER_APPICON_NAME = AppIcon;
				ASSETCATALOG_COMPILER_GLOBAL_ACCENT_COLOR_NAME = AccentColor;
				CODE_SIGN_STYLE = Automatic;
				CURRENT_PROJECT_VERSION = 1;
				DEVELOPMENT_ASSET_PATHS = "\"BakuSlideShow/Preview Content\"";
				DEVELOPMENT_TEAM = 3429RN28MU;
				ENABLE_PREVIEWS = YES;
				GENERATE_INFOPLIST_FILE = YES;
				INFOPLIST_KEY_UIApplicationSceneManifest_Generation = YES;
				INFOPLIST_KEY_UIApplicationSupportsIndirectInputEvents = YES;
				INFOPLIST_KEY_UILaunchScreen_Generation = YES;
				INFOPLIST_KEY_UISupportedInterfaceOrientations_iPad = "UIInterfaceOrientationPortrait UIInterfaceOrientationPortraitUpsideDown UIInterfaceOrientationLandscapeLeft UIInterfaceOrientationLandscapeRight";
				INFOPLIST_KEY_UISupportedInterfaceOrientations_iPhone = "UIInterfaceOrientationPortrait UIInterfaceOrientationLandscapeLeft UIInterfaceOrientationLandscapeRight";
				LD_RUNPATH_SEARCH_PATHS = (
					"$(inherited)",
					"@executable_path/Frameworks",
				);
				MARKETING_VERSION = 1.0;
				PRODUCT_BUNDLE_IDENTIFIER = RasulMammadov.BakuSlideShow;
				PRODUCT_NAME = "$(TARGET_NAME)";
				SWIFT_EMIT_LOC_STRINGS = YES;
				SWIFT_VERSION = 5.0;
				TARGETED_DEVICE_FAMILY = "1,2";
			};
			name = Debug;
		};
		2CDBC16827ADC41200EE1578 /* Release */ = {
			isa = XCBuildConfiguration;
			buildSettings = {
				ASSETCATALOG_COMPILER_APPICON_NAME = AppIcon;
				ASSETCATALOG_COMPILER_GLOBAL_ACCENT_COLOR_NAME = AccentColor;
				CODE_SIGN_STYLE = Automatic;
				CURRENT_PROJECT_VERSION = 1;
				DEVELOPMENT_ASSET_PATHS = "\"BakuSlideShow/Preview Content\"";
				DEVELOPMENT_TEAM = 3429RN28MU;
				ENABLE_PREVIEWS = YES;
				GENERATE_INFOPLIST_FILE = YES;
				INFOPLIST_KEY_UIApplicationSceneManifest_Generation = YES;
				INFOPLIST_KEY_UIApplicationSupportsIndirectInputEvents = YES;
				INFOPLIST_KEY_UILaunchScreen_Generation = YES;
				INFOPLIST_KEY_UISupportedInterfaceOrientations_iPad = "UIInterfaceOrientationPortrait UIInterfaceOrientationPortraitUpsideDown UIInterfaceOrientationLandscapeLeft UIInterfaceOrientationLandscapeRight";
				INFOPLIST_KEY_UISupportedInterfaceOrientations_iPhone = "UIInterfaceOrientationPortrait UIInterfaceOrientationLandscapeLeft UIInterfaceOrientationLandscapeRight";
				LD_RUNPATH_SEARCH_PATHS = (
					"$(inherited)",
					"@executable_path/Frameworks",
				);
				MARKETING_VERSION = 1.0;
				PRODUCT_BUNDLE_IDENTIFIER = RasulMammadov.BakuSlideShow;
				PRODUCT_NAME = "$(TARGET_NAME)";
				SWIFT_EMIT_LOC_STRINGS = YES;
				SWIFT_VERSION = 5.0;
				TARGETED_DEVICE_FAMILY = "1,2";
			};
			name = Release;
		};
/* End XCBuildConfiguration section */

/* Begin XCConfigurationList section */
		2CDBC15327ADC41100EE1578 /* Build configuration list for PBXProject "BakuSlideShow" */ = {
			isa = XCConfigurationList;
			buildConfigurations = (
				2CDBC16427ADC41200EE1578 /* Debug */,
				2CDBC16527ADC41200EE1578 /* Release */,
			);
			defaultConfigurationIsVisible = 0;
			defaultConfigurationName = Release;
		};
		2CDBC16627ADC41200EE1578 /* Build configuration list for PBXNativeTarget "BakuSlideShow" */ = {
			isa = XCConfigurationList;
			buildConfigurations = (
				2CDBC16727ADC41200EE1578 /* Debug */,
				2CDBC16827ADC41200EE1578 /* Release */,
			);
			defaultConfigurationIsVisible = 0;
			defaultConfigurationName = Release;
		};
/* End XCConfigurationList section */
	};
	rootObject = 2CDBC15027ADC41100EE1578 /* Project object */;
}
